
Microsoft Visual Studio Solution File, Format Version 12.00
# Visual Studio 15
VisualStudioVersion = 15.0.28307.705
MinimumVisualStudioVersion = 10.0.40219.1
Project("{9A19103F-16F7-4668-BE54-9A1E7A4F7556}") = "ProfileMicroservice", "ProfileMicroservice\ProfileMicroservice.csproj", "{6060B857-2267-437C-B90E-1CA16711FE1D}"
EndProject
Global
	GlobalSection(SolutionConfigurationPlatforms) = preSolution
		Debug|Any CPU = Debug|Any CPU
		Release|Any CPU = Release|Any CPU
	EndGlobalSection
	GlobalSection(ProjectConfigurationPlatforms) = postSolution
		{6060B857-2267-437C-B90E-1CA16711FE1D}.Debug|Any CPU.ActiveCfg = Debug|Any CPU
		{6060B857-2267-437C-B90E-1CA16711FE1D}.Debug|Any CPU.Build.0 = Debug|Any CPU
		{6060B857-2267-437C-B90E-1CA16711FE1D}.Release|Any CPU.ActiveCfg = Release|Any CPU
		{6060B857-2267-437C-B90E-1CA16711FE1D}.Release|Any CPU.Build.0 = Release|Any CPU
	EndGlobalSection
	GlobalSection(SolutionProperties) = preSolution
		HideSolutionNode = FALSE
	EndGlobalSection
	GlobalSection(ExtensibilityGlobals) = postSolution
		SolutionGuid = {B32348F9-C6DA-493A-B3E7-F5CD28BD1F98}
	EndGlobalSection
EndGlobal
